
Microsoft Visual Studio Solution File, Format Version 12.00
# Visual Studio Version 17
VisualStudioVersion = 17.10.35027.167
MinimumVisualStudioVersion = 10.0.40219.1
Project("{9A19103F-16F7-4668-BE54-9A1E7A4F7556}") = "WordsParser.Client", "WordsParser\WordsParser.Client.csproj", "{A494A776-22FF-4870-94A5-EF0DCE95BABF}"
EndProject
Project("{FAE04EC0-301F-11D3-BF4B-00C04F79EFBC}") = "WordsParser.Infrastructure", "WordsParser.Infrastructure\WordsParser.Infrastructure.csproj", "{E88D5D1F-8276-4482-951A-D92E4C0A3A9D}"
EndProject
Project("{FAE04EC0-301F-11D3-BF4B-00C04F79EFBC}") = "WordsParser.Tests", "WordsParser.Tests\WordsParser.Tests.csproj", "{653CB1C4-1059-4FA4-A982-E400E85F1427}"
EndProject
Global
	GlobalSection(SolutionConfigurationPlatforms) = preSolution
		Debug|Any CPU = Debug|Any CPU
		Release|Any CPU = Release|Any CPU
	EndGlobalSection
	GlobalSection(ProjectConfigurationPlatforms) = postSolution
		{A494A776-22FF-4870-94A5-EF0DCE95BABF}.Debug|Any CPU.ActiveCfg = Debug|Any CPU
		{A494A776-22FF-4870-94A5-EF0DCE95BABF}.Debug|Any CPU.Build.0 = Debug|Any CPU
		{A494A776-22FF-4870-94A5-EF0DCE95BABF}.Release|Any CPU.ActiveCfg = Release|Any CPU
		{A494A776-22FF-4870-94A5-EF0DCE95BABF}.Release|Any CPU.Build.0 = Release|Any CPU
		{E88D5D1F-8276-4482-951A-D92E4C0A3A9D}.Debug|Any CPU.ActiveCfg = Debug|Any CPU
		{E88D5D1F-8276-4482-951A-D92E4C0A3A9D}.Debug|Any CPU.Build.0 = Debug|Any CPU
		{E88D5D1F-8276-4482-951A-D92E4C0A3A9D}.Release|Any CPU.ActiveCfg = Release|Any CPU
		{E88D5D1F-8276-4482-951A-D92E4C0A3A9D}.Release|Any CPU.Build.0 = Release|Any CPU
		{653CB1C4-1059-4FA4-A982-E400E85F1427}.Debug|Any CPU.ActiveCfg = Debug|Any CPU
		{653CB1C4-1059-4FA4-A982-E400E85F1427}.Debug|Any CPU.Build.0 = Debug|Any CPU
		{653CB1C4-1059-4FA4-A982-E400E85F1427}.Release|Any CPU.ActiveCfg = Release|Any CPU
		{653CB1C4-1059-4FA4-A982-E400E85F1427}.Release|Any CPU.Build.0 = Release|Any CPU
	EndGlobalSection
	GlobalSection(SolutionProperties) = preSolution
		HideSolutionNode = FALSE
	EndGlobalSection
	GlobalSection(ExtensibilityGlobals) = postSolution
		SolutionGuid = {C85530D4-DD0C-44C8-B199-67FBECEFDF1E}
	EndGlobalSection
EndGlobal
