
Microsoft Visual Studio Solution File, Format Version 12.00
# Visual Studio Version 17
VisualStudioVersion = 17.10.35027.167
MinimumVisualStudioVersion = 10.0.40219.1
Project("{FAE04EC0-301F-11D3-BF4B-00C04F79EFBC}") = "WordsParser", "WordsParser\WordsParser.csproj", "{A494A776-22FF-4870-94A5-EF0DCE95BABF}"
EndProject
Global
	GlobalSection(SolutionConfigurationPlatforms) = preSolution
		Debug|Any CPU = Debug|Any CPU
		Release|Any CPU = Release|Any CPU
	EndGlobalSection
	GlobalSection(ProjectConfigurationPlatforms) = postSolution
		{A494A776-22FF-4870-94A5-EF0DCE95BABF}.Debug|Any CPU.ActiveCfg = Debug|Any CPU
		{A494A776-22FF-4870-94A5-EF0DCE95BABF}.Debug|Any CPU.Build.0 = Debug|Any CPU
		{A494A776-22FF-4870-94A5-EF0DCE95BABF}.Release|Any CPU.ActiveCfg = Release|Any CPU
		{A494A776-22FF-4870-94A5-EF0DCE95BABF}.Release|Any CPU.Build.0 = Release|Any CPU
	EndGlobalSection
	GlobalSection(SolutionProperties) = preSolution
		HideSolutionNode = FALSE
	EndGlobalSection
	GlobalSection(ExtensibilityGlobals) = postSolution
		SolutionGuid = {C85530D4-DD0C-44C8-B199-67FBECEFDF1E}
	EndGlobalSection
EndGlobal
